# @generated by Move, please check-in and do not edit manually.

[move]
version = 2
manifest_digest = "4142B3A631E304B2F0B1D963D57538E5BAE1A42665CCFB97C936226219DC5A01"
deps_digest = "F8BBB0CCB2491CA29A3DF03D6F92277A4F3574266507ACD77214D37ECA3F3082"
dependencies = [
  { name = "Sui" },
]

[[move.package]]
name = "MoveStdlib"
source = { git = "https://github.com/MystenLabs/sui.git", rev = "mainnet", subdir = "crates/sui-framework/packages/move-stdlib" }

[[move.package]]
name = "Sui"
source = { git = "https://github.com/MystenLabs/sui.git", rev = "mainnet", subdir = "crates/sui-framework/packages/sui-framework" }

dependencies = [
  { name = "MoveStdlib" },
]

[move.toolchain-version]
compiler-version = "1.30.3"
edition = "2024.beta"
flavor = "sui"

[env]

[env.devnet]
chain-id = "8d1e8102"
original-published-id = "0xde238010208257a3d78046bda12e9d0b81f54bc438e374770f0715a49cbf1ebe"
latest-published-id = "0xde238010208257a3d78046bda12e9d0b81f54bc438e374770f0715a49cbf1ebe"
published-version = "1"

[env.testnet]
chain-id = "4c78adac"
original-published-id = "0xaf2097ad60de8d3b347cedb8a216c424c7abb61f5467c1e99f4634fe45d6c0fe"
latest-published-id = "0xaf2097ad60de8d3b347cedb8a216c424c7abb61f5467c1e99f4634fe45d6c0fe"
published-version = "1"

[env.mainnet]
chain-id = "35834a8a"
original-published-id = "0x7e4424e596e943701487f4d8170cd14a76546335678ae272e7e2373c1694c04b"
latest-published-id = "0x7e4424e596e943701487f4d8170cd14a76546335678ae272e7e2373c1694c04b"
published-version = "1"
